
Microsoft Visual Studio Solution File, Format Version 12.00
# Visual Studio Version 16
VisualStudioVersion = 16.0.31205.134
MinimumVisualStudioVersion = 10.0.40219.1
Project("{FAE04EC0-301F-11D3-BF4B-00C04F79EFBC}") = "SharpHiveNightmare", "SharpHiveNightmare\SharpHiveNightmare.csproj", "{3A803844-4781-4982-96A6-956BB7633F4E}"
EndProject
Global
	GlobalSection(SolutionConfigurationPlatforms) = preSolution
		Debug|Any CPU = Debug|Any CPU
		Release|Any CPU = Release|Any CPU
	EndGlobalSection
	GlobalSection(ProjectConfigurationPlatforms) = postSolution
		{3A803844-4781-4982-96A6-956BB7633F4E}.Debug|Any CPU.ActiveCfg = Debug|Any CPU
		{3A803844-4781-4982-96A6-956BB7633F4E}.Debug|Any CPU.Build.0 = Debug|Any CPU
		{3A803844-4781-4982-96A6-956BB7633F4E}.Release|Any CPU.ActiveCfg = Release|Any CPU
		{3A803844-4781-4982-96A6-956BB7633F4E}.Release|Any CPU.Build.0 = Release|Any CPU
	EndGlobalSection
	GlobalSection(SolutionProperties) = preSolution
		HideSolutionNode = FALSE
	EndGlobalSection
	GlobalSection(ExtensibilityGlobals) = postSolution
		SolutionGuid = {5095D71D-7751-4776-B8FF-0E98FBEC2CAD}
	EndGlobalSection
EndGlobal
